// !$*UTF8*$!
{
	archiveVersion = 1;
	classes = {
	};
	objectVersion = 46;
	objects = {

/* Begin PBXBuildFile section */
		4914447312BD3C2700D29E43 /* CoreData.framework in Frameworks */ = {isa = PBXBuildFile; fileRef = 4914446F12BD3C1300D29E43 /* CoreData.framework */; };
		4914449E12BD3E3E00D29E43 /* NSManagedObject+JSON.h in Headers */ = {isa = PBXBuildFile; fileRef = 4914449C12BD3E3E00D29E43 /* NSManagedObject+JSON.h */; };
		4914449F12BD3E3E00D29E43 /* NSManagedObject+JSON.m in Sources */ = {isa = PBXBuildFile; fileRef = 4914449D12BD3E3E00D29E43 /* NSManagedObject+JSON.m */; };
		491444B612BD44B700D29E43 /* JCMappingModel.h in Headers */ = {isa = PBXBuildFile; fileRef = 491444B412BD44B700D29E43 /* JCMappingModel.h */; };
		491444B712BD44B700D29E43 /* JCMappingModel.m in Sources */ = {isa = PBXBuildFile; fileRef = 491444B512BD44B700D29E43 /* JCMappingModel.m */; };
		491444CE12BD546500D29E43 /* JCMappingModelTests.m in Sources */ = {isa = PBXBuildFile; fileRef = 491444CD12BD546500D29E43 /* JCMappingModelTests.m */; };
		491444DB12BD555F00D29E43 /* CoreData.framework in Frameworks */ = {isa = PBXBuildFile; fileRef = 4914446F12BD3C1300D29E43 /* CoreData.framework */; };
		4914455312BD562900D29E43 /* FauxEntityDescription.m in Sources */ = {isa = PBXBuildFile; fileRef = 4914455212BD562900D29E43 /* FauxEntityDescription.m */; };
		4914461E12BD683200D29E43 /* libCoreData_JSON.a in Frameworks */ = {isa = PBXBuildFile; fileRef = D2AAC07E0554694100DB518D /* libCoreData_JSON.a */; };
		4914464212BD8AAC00D29E43 /* TestMissingUniqueField.jcmap in Resources */ = {isa = PBXBuildFile; fileRef = 4914464112BD8AAC00D29E43 /* TestMissingUniqueField.jcmap */; };
		491446A512BD8FB700D29E43 /* TestBlankUniqueField.jcmap in Resources */ = {isa = PBXBuildFile; fileRef = 491446A412BD8FB700D29E43 /* TestBlankUniqueField.jcmap */; };
		491446B512BD910000D29E43 /* TestNilPropertiesMap.jcmap in Resources */ = {isa = PBXBuildFile; fileRef = 491446B412BD910000D29E43 /* TestNilPropertiesMap.jcmap */; };
		491446B712BD911800D29E43 /* TestBlankPropertiesMap.jcmap in Resources */ = {isa = PBXBuildFile; fileRef = 491446B612BD911800D29E43 /* TestBlankPropertiesMap.jcmap */; };
		491446BD12BD928400D29E43 /* TestValidMappingModel.jcmap in Resources */ = {isa = PBXBuildFile; fileRef = 491446BC12BD928400D29E43 /* TestValidMappingModel.jcmap */; };
		491446E912BD961E00D29E43 /* TestIncorrectUniqueField.jcmap in Resources */ = {isa = PBXBuildFile; fileRef = 491446E812BD961E00D29E43 /* TestIncorrectUniqueField.jcmap */; };
		4914476F12BE150700D29E43 /* JCMappingModelCache.h in Headers */ = {isa = PBXBuildFile; fileRef = 4914476D12BE150700D29E43 /* JCMappingModelCache.h */; };
		4914477012BE150700D29E43 /* JCMappingModelCache.m in Sources */ = {isa = PBXBuildFile; fileRef = 4914476E12BE150700D29E43 /* JCMappingModelCache.m */; };
		4914477512BE153300D29E43 /* NSDictionary+JC.h in Headers */ = {isa = PBXBuildFile; fileRef = 4914476012BDA7B100D29E43 /* NSDictionary+JC.h */; };
		4914478C12BE19FE00D29E43 /* JCMappingModelCacheTests.m in Sources */ = {isa = PBXBuildFile; fileRef = 4914478B12BE19FE00D29E43 /* JCMappingModelCacheTests.m */; };
		491447A712BE1DC200D29E43 /* NSManagedObjectContext+JSON.h in Headers */ = {isa = PBXBuildFile; fileRef = 491447A512BE1DC200D29E43 /* NSManagedObjectContext+JSON.h */; };
		491447A812BE1DC200D29E43 /* NSManagedObject+JSON.m in Sources */ = {isa = PBXBuildFile; fileRef = 491447A612BE1DC200D29E43 /* NSManagedObject+JSON.m */; };
		491447C012BE212A00D29E43 /* NSFetchRequest+JC.h in Headers */ = {isa = PBXBuildFile; fileRef = 491447BE12BE212A00D29E43 /* NSFetchRequest+JC.h */; };
		491447C112BE212A00D29E43 /* NSFetchRequest+JC.m in Sources */ = {isa = PBXBuildFile; fileRef = 491447BF12BE212A00D29E43 /* NSFetchRequest+JC.m */; };
		4914485E12BE3B4600D29E43 /* ConvenienceCategories.h in Headers */ = {isa = PBXBuildFile; fileRef = 4914485D12BE3B4600D29E43 /* ConvenienceCategories.h */; };
		4914489F12BE43DC00D29E43 /* CoreData+JSON.h in Headers */ = {isa = PBXBuildFile; fileRef = 4914489E12BE43DC00D29E43 /* CoreData+JSON.h */; settings = {ATTRIBUTES = (Public, ); }; };
		491448A712BE53B900D29E43 /* TestModel.xcdatamodel in Sources */ = {isa = PBXBuildFile; fileRef = 491448A612BE53B900D29E43 /* TestModel.xcdatamodel */; };
		491448E112BE5FAB00D29E43 /* NSManagedObjectContext+UnitTesting.m in Sources */ = {isa = PBXBuildFile; fileRef = 491448E012BE5FAB00D29E43 /* NSManagedObjectContext+UnitTesting.m */; };
		4914491712BE613C00D29E43 /* NSManagedObject+JSON_Tests.m in Sources */ = {isa = PBXBuildFile; fileRef = 4914491612BE613C00D29E43 /* NSManagedObject+JSON_Tests.m */; };
		4914492912BE624500D29E43 /* testEntity.jcmap in Resources */ = {isa = PBXBuildFile; fileRef = 4914492812BE624500D29E43 /* testEntity.jcmap */; };
		4914492B12BE625600D29E43 /* testRelatedEntity.jcmap in Resources */ = {isa = PBXBuildFile; fileRef = 4914492A12BE625600D29E43 /* testRelatedEntity.jcmap */; };
		4914494A12BE664C00D29E43 /* CoreData+JSON_Private.h in Headers */ = {isa = PBXBuildFile; fileRef = 4914494912BE664C00D29E43 /* CoreData+JSON_Private.h */; };
		4914495F12BE693E00D29E43 /* NSManagedObjectContext+JSON_Tests.m in Sources */ = {isa = PBXBuildFile; fileRef = 4914495E12BE693E00D29E43 /* NSManagedObjectContext+JSON_Tests.m */; };
		49144A8312BE7C5100D29E43 /* NSEntityDescription+JC.h in Headers */ = {isa = PBXBuildFile; fileRef = 49144A8112BE7C5100D29E43 /* NSEntityDescription+JC.h */; };
		49144A8412BE7C5100D29E43 /* NSEntityDescription+JC.m in Sources */ = {isa = PBXBuildFile; fileRef = 49144A8212BE7C5100D29E43 /* NSEntityDescription+JC.m */; };
		49450D5312BE811B00F0CE0F /* TestConvenienceCategories.m in Sources */ = {isa = PBXBuildFile; fileRef = 49450D5212BE811B00F0CE0F /* TestConvenienceCategories.m */; };
		49450E2C12BEEE8800F0CE0F /* NSValueTransformer+JC.h in Headers */ = {isa = PBXBuildFile; fileRef = 49450E2A12BEEE8800F0CE0F /* NSValueTransformer+JC.h */; };
		49450E2D12BEEE8800F0CE0F /* NSValueTransformer+JC.m in Sources */ = {isa = PBXBuildFile; fileRef = 49450E2B12BEEE8800F0CE0F /* NSValueTransformer+JC.m */; };
		49450E6812BEF48D00F0CE0F /* TestToDateValueTransformer.h in Headers */ = {isa = PBXBuildFile; fileRef = 49450E6612BEF48D00F0CE0F /* TestToDateValueTransformer.h */; };
		49450E6912BEF48D00F0CE0F /* TestToDateValueTransformer.m in Sources */ = {isa = PBXBuildFile; fileRef = 49450E6712BEF48D00F0CE0F /* TestToDateValueTransformer.m */; };
		49450EED12BF011A00F0CE0F /* testTransformedUniqueFieldEntity.jcmap in Resources */ = {isa = PBXBuildFile; fileRef = 49450EEC12BF011A00F0CE0F /* testTransformedUniqueFieldEntity.jcmap */; };
		49450EF212BF01B000F0CE0F /* TestNumberToStringTransformer.m in Sources */ = {isa = PBXBuildFile; fileRef = 49450EF112BF01B000F0CE0F /* TestNumberToStringTransformer.m */; };
		4945B55412C39E0F0000EF85 /* NSString+JC.h in Headers */ = {isa = PBXBuildFile; fileRef = 4945B55212C39E0F0000EF85 /* NSString+JC.h */; };
		4945B55512C39E0F0000EF85 /* NSString+JC.m in Sources */ = {isa = PBXBuildFile; fileRef = 4945B55312C39E0F0000EF85 /* NSString+JC.m */; };
		4945B5BD12C3CD540000EF85 /* testExpressionEntity.jcmap in Resources */ = {isa = PBXBuildFile; fileRef = 4945B57E12C3C0690000EF85 /* testExpressionEntity.jcmap */; };
		49844F041438E34400069A7A /* JSONKit.h in Headers */ = {isa = PBXBuildFile; fileRef = 49844F021438E34400069A7A /* JSONKit.h */; };
		49844F051438E34400069A7A /* JSONKit.m in Sources */ = {isa = PBXBuildFile; fileRef = 49844F031438E34400069A7A /* JSONKit.m */; };
		49844F121438EF5300069A7A /* JCImporter.h in Headers */ = {isa = PBXBuildFile; fileRef = 49844F101438EF5300069A7A /* JCImporter.h */; };
		49844F131438EF5300069A7A /* JCImporter.m in Sources */ = {isa = PBXBuildFile; fileRef = 49844F111438EF5300069A7A /* JCImporter.m */; };
		49844F1E143919F800069A7A /* UIKit.framework in Frameworks */ = {isa = PBXBuildFile; fileRef = 49844F1D143919F800069A7A /* UIKit.framework */; };
		49844F1F143919F800069A7A /* Foundation.framework in Frameworks */ = {isa = PBXBuildFile; fileRef = AACBBE490F95108600F1A2B1 /* Foundation.framework */; };
		49844F21143919F800069A7A /* CoreGraphics.framework in Frameworks */ = {isa = PBXBuildFile; fileRef = 49844F20143919F800069A7A /* CoreGraphics.framework */; };
		49844F22143919F800069A7A /* CoreData.framework in Frameworks */ = {isa = PBXBuildFile; fileRef = 4914446F12BD3C1300D29E43 /* CoreData.framework */; };
		49844F28143919F800069A7A /* InfoPlist.strings in Resources */ = {isa = PBXBuildFile; fileRef = 49844F26143919F800069A7A /* InfoPlist.strings */; };
		49844F2A143919F800069A7A /* main.m in Sources */ = {isa = PBXBuildFile; fileRef = 49844F29143919F800069A7A /* main.m */; };
		49844F2E143919F800069A7A /* CoreData_JSON_PerformanceTestsAppDelegate.m in Sources */ = {isa = PBXBuildFile; fileRef = 49844F2D143919F800069A7A /* CoreData_JSON_PerformanceTestsAppDelegate.m */; };
		49844F31143919F800069A7A /* MainWindow.xib in Resources */ = {isa = PBXBuildFile; fileRef = 49844F2F143919F800069A7A /* MainWindow.xib */; };
		49844F34143919F800069A7A /* CoreData_JSON_PerformanceTests.xcdatamodeld in Sources */ = {isa = PBXBuildFile; fileRef = 49844F32143919F800069A7A /* CoreData_JSON_PerformanceTests.xcdatamodeld */; };
		49844F3C14391E2D00069A7A /* data.json in Resources */ = {isa = PBXBuildFile; fileRef = 49844F3B14391E2D00069A7A /* data.json */; };
		49844F3D14392D0200069A7A /* libCoreData_JSON.a in Frameworks */ = {isa = PBXBuildFile; fileRef = D2AAC07E0554694100DB518D /* libCoreData_JSON.a */; };
		49844F3F14392D3600069A7A /* Entity1.jcmap in Resources */ = {isa = PBXBuildFile; fileRef = 49844F3E14392D3600069A7A /* Entity1.jcmap */; };
		49844F4114392D3E00069A7A /* Entity2.jcmap in Resources */ = {isa = PBXBuildFile; fileRef = 49844F4014392D3E00069A7A /* Entity2.jcmap */; };
		49844F421439310400069A7A /* NSDictionary+JC.m in Sources */ = {isa = PBXBuildFile; fileRef = 4914476112BDA7B100D29E43 /* NSDictionary+JC.m */; };
		49A16B5312C942C6009809B6 /* CoreData+JSON.m in Sources */ = {isa = PBXBuildFile; fileRef = 49A16B5212C942C6009809B6 /* CoreData+JSON.m */; };
		49A16B9B12C95C2F009809B6 /* TestSuperEntity.jcmap in Resources */ = {isa = PBXBuildFile; fileRef = 49A16B9A12C95C2F009809B6 /* TestSuperEntity.jcmap */; };
		49A16B9D12C95CDF009809B6 /* TestSubEntity.jcmap in Resources */ = {isa = PBXBuildFile; fileRef = 49A16B9C12C95CDF009809B6 /* TestSubEntity.jcmap */; };
		AA747D9F0F9514B9006C5449 /* CoreData_JSON_Prefix.pch in Headers */ = {isa = PBXBuildFile; fileRef = AA747D9E0F9514B9006C5449 /* CoreData_JSON_Prefix.pch */; };
		AACBBE4A0F95108600F1A2B1 /* Foundation.framework in Frameworks */ = {isa = PBXBuildFile; fileRef = AACBBE490F95108600F1A2B1 /* Foundation.framework */; };
/* End PBXBuildFile section */

/* Begin PBXContainerItemProxy section */
		4914446312BD3BBB00D29E43 /* PBXContainerItemProxy */ = {
			isa = PBXContainerItemProxy;
			containerPortal = 0867D690FE84028FC02AAC07 /* Project object */;
			proxyType = 1;
			remoteGlobalIDString = D2AAC07D0554694100DB518D;
			remoteInfo = "CoreData+JSON";
		};
		49844F3814391ACB00069A7A /* PBXContainerItemProxy */ = {
			isa = PBXContainerItemProxy;
			containerPortal = 0867D690FE84028FC02AAC07 /* Project object */;
			proxyType = 1;
			remoteGlobalIDString = D2AAC07D0554694100DB518D;
			remoteInfo = "CoreData+JSON";
		};
/* End PBXContainerItemProxy section */

/* Begin PBXFileReference section */
		4914445E12BD3B9F00D29E43 /* UnitTests.octest */ = {isa = PBXFileReference; explicitFileType = wrapper.cfbundle; includeInIndex = 0; path = UnitTests.octest; sourceTree = BUILT_PRODUCTS_DIR; };
		4914446F12BD3C1300D29E43 /* CoreData.framework */ = {isa = PBXFileReference; lastKnownFileType = wrapper.framework; name = CoreData.framework; path = System/Library/Frameworks/CoreData.framework; sourceTree = SDKROOT; };
		4914449C12BD3E3E00D29E43 /* NSManagedObject+JSON.h */ = {isa = PBXFileReference; fileEncoding = 4; lastKnownFileType = sourcecode.c.h; path = "NSManagedObject+JSON.h"; sourceTree = "<group>"; };
		4914449D12BD3E3E00D29E43 /* NSManagedObject+JSON.m */ = {isa = PBXFileReference; fileEncoding = 4; lastKnownFileType = sourcecode.c.objc; path = "NSManagedObject+JSON.m"; sourceTree = "<group>"; };
		491444B412BD44B700D29E43 /* JCMappingModel.h */ = {isa = PBXFileReference; fileEncoding = 4; lastKnownFileType = sourcecode.c.h; name = JCMappingModel.h; path = "CoreData+JSON/_Private/JCMappingModel.h"; sourceTree = "<group>"; };
		491444B512BD44B700D29E43 /* JCMappingModel.m */ = {isa = PBXFileReference; fileEncoding = 4; lastKnownFileType = sourcecode.c.objc; name = JCMappingModel.m; path = "CoreData+JSON/_Private/JCMappingModel.m"; sourceTree = "<group>"; };
		491444CC12BD546500D29E43 /* JCMappingModelTests.h */ = {isa = PBXFileReference; fileEncoding = 4; lastKnownFileType = sourcecode.c.h; path = JCMappingModelTests.h; sourceTree = "<group>"; };
		491444CD12BD546500D29E43 /* JCMappingModelTests.m */ = {isa = PBXFileReference; fileEncoding = 4; lastKnownFileType = sourcecode.c.objc; path = JCMappingModelTests.m; sourceTree = "<group>"; };
		4914455112BD562900D29E43 /* FauxEntityDescription.h */ = {isa = PBXFileReference; fileEncoding = 4; lastKnownFileType = sourcecode.c.h; name = FauxEntityDescription.h; path = LogicTests/_JCMappingModelTestObjects/FauxEntityDescription.h; sourceTree = "<group>"; };
		4914455212BD562900D29E43 /* FauxEntityDescription.m */ = {isa = PBXFileReference; fileEncoding = 4; lastKnownFileType = sourcecode.c.objc; name = FauxEntityDescription.m; path = LogicTests/_JCMappingModelTestObjects/FauxEntityDescription.m; sourceTree = "<group>"; };
		4914464112BD8AAC00D29E43 /* TestMissingUniqueField.jcmap */ = {isa = PBXFileReference; fileEncoding = 4; lastKnownFileType = text.xml; name = TestMissingUniqueField.jcmap; path = LogicTests/_JCMappingModelTestObjects/TestMissingUniqueField.jcmap; sourceTree = "<group>"; };
		491446A412BD8FB700D29E43 /* TestBlankUniqueField.jcmap */ = {isa = PBXFileReference; fileEncoding = 4; lastKnownFileType = text.xml; name = TestBlankUniqueField.jcmap; path = LogicTests/_JCMappingModelTestObjects/TestBlankUniqueField.jcmap; sourceTree = "<group>"; };
		491446B412BD910000D29E43 /* TestNilPropertiesMap.jcmap */ = {isa = PBXFileReference; fileEncoding = 4; lastKnownFileType = text.xml; name = TestNilPropertiesMap.jcmap; path = LogicTests/_JCMappingModelTestObjects/TestNilPropertiesMap.jcmap; sourceTree = "<group>"; };
		491446B612BD911800D29E43 /* TestBlankPropertiesMap.jcmap */ = {isa = PBXFileReference; fileEncoding = 4; lastKnownFileType = text.xml; name = TestBlankPropertiesMap.jcmap; path = LogicTests/_JCMappingModelTestObjects/TestBlankPropertiesMap.jcmap; sourceTree = "<group>"; };
		491446BC12BD928400D29E43 /* TestValidMappingModel.jcmap */ = {isa = PBXFileReference; fileEncoding = 4; lastKnownFileType = text.xml; name = TestValidMappingModel.jcmap; path = LogicTests/_JCMappingModelTestObjects/TestValidMappingModel.jcmap; sourceTree = "<group>"; };
		491446E812BD961E00D29E43 /* TestIncorrectUniqueField.jcmap */ = {isa = PBXFileReference; fileEncoding = 4; lastKnownFileType = text.xml; name = TestIncorrectUniqueField.jcmap; path = LogicTests/_JCMappingModelTestObjects/TestIncorrectUniqueField.jcmap; sourceTree = "<group>"; };
		4914476012BDA7B100D29E43 /* NSDictionary+JC.h */ = {isa = PBXFileReference; fileEncoding = 4; lastKnownFileType = sourcecode.c.h; name = "NSDictionary+JC.h"; path = "CoreData+JSON/_Convenience/NSDictionary+JC.h"; sourceTree = "<group>"; };
		4914476112BDA7B100D29E43 /* NSDictionary+JC.m */ = {isa = PBXFileReference; fileEncoding = 4; lastKnownFileType = sourcecode.c.objc; name = "NSDictionary+JC.m"; path = "CoreData+JSON/_Convenience/NSDictionary+JC.m"; sourceTree = "<group>"; };
		4914476D12BE150700D29E43 /* JCMappingModelCache.h */ = {isa = PBXFileReference; fileEncoding = 4; lastKnownFileType = sourcecode.c.h; name = JCMappingModelCache.h; path = "CoreData+JSON/_Private/JCMappingModelCache.h"; sourceTree = "<group>"; };
		4914476E12BE150700D29E43 /* JCMappingModelCache.m */ = {isa = PBXFileReference; fileEncoding = 4; lastKnownFileType = sourcecode.c.objc; name = JCMappingModelCache.m; path = "CoreData+JSON/_Private/JCMappingModelCache.m"; sourceTree = "<group>"; };
		4914478A12BE19FE00D29E43 /* JCMappingModelCacheTests.h */ = {isa = PBXFileReference; fileEncoding = 4; lastKnownFileType = sourcecode.c.h; path = JCMappingModelCacheTests.h; sourceTree = "<group>"; };
		4914478B12BE19FE00D29E43 /* JCMappingModelCacheTests.m */ = {isa = PBXFileReference; fileEncoding = 4; lastKnownFileType = sourcecode.c.objc; path = JCMappingModelCacheTests.m; sourceTree = "<group>"; };
		491447A512BE1DC200D29E43 /* NSManagedObjectContext+JSON.h */ = {isa = PBXFileReference; fileEncoding = 4; lastKnownFileType = sourcecode.c.h; path = "NSManagedObjectContext+JSON.h"; sourceTree = "<group>"; };
		491447A612BE1DC200D29E43 /* NSManagedObject+JSON.m */ = {isa = PBXFileReference; fileEncoding = 4; lastKnownFileType = sourcecode.c.objc; path = "NSManagedObject+JSON.m"; sourceTree = "<group>"; };
		491447BE12BE212A00D29E43 /* NSFetchRequest+JC.h */ = {isa = PBXFileReference; fileEncoding = 4; lastKnownFileType = sourcecode.c.h; name = "NSFetchRequest+JC.h"; path = "CoreData+JSON/_Convenience/NSFetchRequest+JC.h"; sourceTree = "<group>"; };
		491447BF12BE212A00D29E43 /* NSFetchRequest+JC.m */ = {isa = PBXFileReference; fileEncoding = 4; lastKnownFileType = sourcecode.c.objc; name = "NSFetchRequest+JC.m"; path = "CoreData+JSON/_Convenience/NSFetchRequest+JC.m"; sourceTree = "<group>"; };
		4914485D12BE3B4600D29E43 /* ConvenienceCategories.h */ = {isa = PBXFileReference; fileEncoding = 4; lastKnownFileType = sourcecode.c.h; name = ConvenienceCategories.h; path = "CoreData+JSON/_Convenience/ConvenienceCategories.h"; sourceTree = "<group>"; };
		4914489E12BE43DC00D29E43 /* CoreData+JSON.h */ = {isa = PBXFileReference; fileEncoding = 4; lastKnownFileType = sourcecode.c.h; path = "CoreData+JSON.h"; sourceTree = "<group>"; };
		491448A612BE53B900D29E43 /* TestModel.xcdatamodel */ = {isa = PBXFileReference; fileEncoding = 4; lastKnownFileType = wrapper.xcdatamodel; name = TestModel.xcdatamodel; path = LogicTests/_OtherTestObjects/TestModel.xcdatamodel; sourceTree = "<group>"; };
		491448DF12BE5FAB00D29E43 /* NSManagedObjectContext+UnitTesting.h */ = {isa = PBXFileReference; fileEncoding = 4; lastKnownFileType = sourcecode.c.h; name = "NSManagedObjectContext+UnitTesting.h"; path = "LogicTests/_OtherTestObjects/NSManagedObjectContext+UnitTesting.h"; sourceTree = "<group>"; };
		491448E012BE5FAB00D29E43 /* NSManagedObjectContext+UnitTesting.m */ = {isa = PBXFileReference; fileEncoding = 4; lastKnownFileType = sourcecode.c.objc; name = "NSManagedObjectContext+UnitTesting.m"; path = "LogicTests/_OtherTestObjects/NSManagedObjectContext+UnitTesting.m"; sourceTree = "<group>"; };
		4914491512BE613C00D29E43 /* NSManagedObject+JSON_Tests.h */ = {isa = PBXFileReference; fileEncoding = 4; lastKnownFileType = sourcecode.c.h; path = "NSManagedObject+JSON_Tests.h"; sourceTree = "<group>"; };
		4914491612BE613C00D29E43 /* NSManagedObject+JSON_Tests.m */ = {isa = PBXFileReference; fileEncoding = 4; lastKnownFileType = sourcecode.c.objc; path = "NSManagedObject+JSON_Tests.m"; sourceTree = "<group>"; };
		4914492812BE624500D29E43 /* testEntity.jcmap */ = {isa = PBXFileReference; explicitFileType = text.plist.xml; fileEncoding = 4; name = testEntity.jcmap; path = LogicTests/_OtherTestObjects/testEntity.jcmap; sourceTree = "<group>"; };
		4914492A12BE625600D29E43 /* testRelatedEntity.jcmap */ = {isa = PBXFileReference; explicitFileType = text.plist.xml; fileEncoding = 4; name = testRelatedEntity.jcmap; path = LogicTests/_OtherTestObjects/testRelatedEntity.jcmap; sourceTree = "<group>"; };
		4914494912BE664C00D29E43 /* CoreData+JSON_Private.h */ = {isa = PBXFileReference; fileEncoding = 4; lastKnownFileType = sourcecode.c.h; name = "CoreData+JSON_Private.h"; path = "CoreData+JSON/_Private/CoreData+JSON_Private.h"; sourceTree = "<group>"; };
		4914495D12BE693E00D29E43 /* NSManagedObjectContext+JSON_Tests.h */ = {isa = PBXFileReference; fileEncoding = 4; lastKnownFileType = sourcecode.c.h; path = "NSManagedObjectContext+JSON_Tests.h"; sourceTree = "<group>"; };
		4914495E12BE693E00D29E43 /* NSManagedObjectContext+JSON_Tests.m */ = {isa = PBXFileReference; fileEncoding = 4; lastKnownFileType = sourcecode.c.objc; path = "NSManagedObjectContext+JSON_Tests.m"; sourceTree = "<group>"; };
		49144A8112BE7C5100D29E43 /* NSEntityDescription+JC.h */ = {isa = PBXFileReference; fileEncoding = 4; lastKnownFileType = sourcecode.c.h; name = "NSEntityDescription+JC.h"; path = "CoreData+JSON/_Convenience/NSEntityDescription+JC.h"; sourceTree = "<group>"; };
		49144A8212BE7C5100D29E43 /* NSEntityDescription+JC.m */ = {isa = PBXFileReference; fileEncoding = 4; lastKnownFileType = sourcecode.c.objc; name = "NSEntityDescription+JC.m"; path = "CoreData+JSON/_Convenience/NSEntityDescription+JC.m"; sourceTree = "<group>"; };
		49450D5112BE811B00F0CE0F /* TestConvenienceCategories.h */ = {isa = PBXFileReference; fileEncoding = 4; lastKnownFileType = sourcecode.c.h; path = TestConvenienceCategories.h; sourceTree = "<group>"; };
		49450D5212BE811B00F0CE0F /* TestConvenienceCategories.m */ = {isa = PBXFileReference; fileEncoding = 4; lastKnownFileType = sourcecode.c.objc; path = TestConvenienceCategories.m; sourceTree = "<group>"; };
		49450E2A12BEEE8800F0CE0F /* NSValueTransformer+JC.h */ = {isa = PBXFileReference; fileEncoding = 4; lastKnownFileType = sourcecode.c.h; name = "NSValueTransformer+JC.h"; path = "CoreData+JSON/_Convenience/NSValueTransformer+JC.h"; sourceTree = "<group>"; };
		49450E2B12BEEE8800F0CE0F /* NSValueTransformer+JC.m */ = {isa = PBXFileReference; fileEncoding = 4; lastKnownFileType = sourcecode.c.objc; name = "NSValueTransformer+JC.m"; path = "CoreData+JSON/_Convenience/NSValueTransformer+JC.m"; sourceTree = "<group>"; };
		49450E6612BEF48D00F0CE0F /* TestToDateValueTransformer.h */ = {isa = PBXFileReference; fileEncoding = 4; lastKnownFileType = sourcecode.c.h; name = TestToDateValueTransformer.h; path = LogicTests/_OtherTestObjects/TestToDateValueTransformer.h; sourceTree = "<group>"; };
		49450E6712BEF48D00F0CE0F /* TestToDateValueTransformer.m */ = {isa = PBXFileReference; fileEncoding = 4; lastKnownFileType = sourcecode.c.objc; name = TestToDateValueTransformer.m; path = LogicTests/_OtherTestObjects/TestToDateValueTransformer.m; sourceTree = "<group>"; };
		49450EEC12BF011A00F0CE0F /* testTransformedUniqueFieldEntity.jcmap */ = {isa = PBXFileReference; explicitFileType = text.plist.xml; fileEncoding = 4; name = testTransformedUniqueFieldEntity.jcmap; path = LogicTests/_OtherTestObjects/testTransformedUniqueFieldEntity.jcmap; sourceTree = "<group>"; };
		49450EF012BF01B000F0CE0F /* TestNumberToStringTransformer.h */ = {isa = PBXFileReference; fileEncoding = 4; lastKnownFileType = sourcecode.c.h; name = TestNumberToStringTransformer.h; path = LogicTests/_OtherTestObjects/TestNumberToStringTransformer.h; sourceTree = "<group>"; };
		49450EF112BF01B000F0CE0F /* TestNumberToStringTransformer.m */ = {isa = PBXFileReference; fileEncoding = 4; lastKnownFileType = sourcecode.c.objc; name = TestNumberToStringTransformer.m; path = LogicTests/_OtherTestObjects/TestNumberToStringTransformer.m; sourceTree = "<group>"; };
		49450F4012BFC39A00F0CE0F /* UnitTests-Info.plist */ = {isa = PBXFileReference; fileEncoding = 4; lastKnownFileType = text.plist.xml; path = "UnitTests-Info.plist"; sourceTree = "<group>"; };
		4945B55212C39E0F0000EF85 /* NSString+JC.h */ = {isa = PBXFileReference; fileEncoding = 4; lastKnownFileType = sourcecode.c.h; name = "NSString+JC.h"; path = "CoreData+JSON/_Convenience/NSString+JC.h"; sourceTree = "<group>"; };
		4945B55312C39E0F0000EF85 /* NSString+JC.m */ = {isa = PBXFileReference; fileEncoding = 4; lastKnownFileType = sourcecode.c.objc; name = "NSString+JC.m"; path = "CoreData+JSON/_Convenience/NSString+JC.m"; sourceTree = "<group>"; };
		4945B57E12C3C0690000EF85 /* testExpressionEntity.jcmap */ = {isa = PBXFileReference; explicitFileType = text.plist.xml; fileEncoding = 4; name = testExpressionEntity.jcmap; path = LogicTests/_OtherTestObjects/testExpressionEntity.jcmap; sourceTree = "<group>"; };
		49844F021438E34400069A7A /* JSONKit.h */ = {isa = PBXFileReference; fileEncoding = 4; lastKnownFileType = sourcecode.c.h; path = JSONKit.h; sourceTree = "<group>"; };
		49844F031438E34400069A7A /* JSONKit.m */ = {isa = PBXFileReference; fileEncoding = 4; lastKnownFileType = sourcecode.c.objc; path = JSONKit.m; sourceTree = "<group>"; };
		49844F101438EF5300069A7A /* JCImporter.h */ = {isa = PBXFileReference; fileEncoding = 4; lastKnownFileType = sourcecode.c.h; name = JCImporter.h; path = "CoreData+JSON/_Private/JCImporter.h"; sourceTree = "<group>"; };
		49844F111438EF5300069A7A /* JCImporter.m */ = {isa = PBXFileReference; fileEncoding = 4; lastKnownFileType = sourcecode.c.objc; name = JCImporter.m; path = "CoreData+JSON/_Private/JCImporter.m"; sourceTree = "<group>"; };
		49844F1B143919F800069A7A /* CoreData+JSON_PerformanceTests.app */ = {isa = PBXFileReference; explicitFileType = wrapper.application; includeInIndex = 0; path = "CoreData+JSON_PerformanceTests.app"; sourceTree = BUILT_PRODUCTS_DIR; };
		49844F1D143919F800069A7A /* UIKit.framework */ = {isa = PBXFileReference; lastKnownFileType = wrapper.framework; name = UIKit.framework; path = System/Library/Frameworks/UIKit.framework; sourceTree = SDKROOT; };
		49844F20143919F800069A7A /* CoreGraphics.framework */ = {isa = PBXFileReference; lastKnownFileType = wrapper.framework; name = CoreGraphics.framework; path = System/Library/Frameworks/CoreGraphics.framework; sourceTree = SDKROOT; };
		49844F25143919F800069A7A /* CoreData+JSON_PerformanceTests-Info.plist */ = {isa = PBXFileReference; lastKnownFileType = text.plist.xml; path = "CoreData+JSON_PerformanceTests-Info.plist"; sourceTree = "<group>"; };
		49844F27143919F800069A7A /* en */ = {isa = PBXFileReference; lastKnownFileType = text.plist.strings; name = en; path = en.lproj/InfoPlist.strings; sourceTree = "<group>"; };
		49844F29143919F800069A7A /* main.m */ = {isa = PBXFileReference; lastKnownFileType = sourcecode.c.objc; path = main.m; sourceTree = "<group>"; };
		49844F2B143919F800069A7A /* CoreData+JSON_PerformanceTests-Prefix.pch */ = {isa = PBXFileReference; lastKnownFileType = sourcecode.c.h; path = "CoreData+JSON_PerformanceTests-Prefix.pch"; sourceTree = "<group>"; };
		49844F2C143919F800069A7A /* CoreData_JSON_PerformanceTestsAppDelegate.h */ = {isa = PBXFileReference; lastKnownFileType = sourcecode.c.h; path = CoreData_JSON_PerformanceTestsAppDelegate.h; sourceTree = "<group>"; };
		49844F2D143919F800069A7A /* CoreData_JSON_PerformanceTestsAppDelegate.m */ = {isa = PBXFileReference; lastKnownFileType = sourcecode.c.objc; path = CoreData_JSON_PerformanceTestsAppDelegate.m; sourceTree = "<group>"; };
		49844F30143919F800069A7A /* en */ = {isa = PBXFileReference; lastKnownFileType = file.xib; name = en; path = en.lproj/MainWindow.xib; sourceTree = "<group>"; };
		49844F33143919F800069A7A /* CoreData_JSON_PerformanceTests.xcdatamodel */ = {isa = PBXFileReference; lastKnownFileType = wrapper.xcdatamodel; path = CoreData_JSON_PerformanceTests.xcdatamodel; sourceTree = "<group>"; };
		49844F3B14391E2D00069A7A /* data.json */ = {isa = PBXFileReference; fileEncoding = 4; lastKnownFileType = text.json; path = data.json; sourceTree = "<group>"; };
		49844F3E14392D3600069A7A /* Entity1.jcmap */ = {isa = PBXFileReference; explicitFileType = text.plist.xml; fileEncoding = 4; path = Entity1.jcmap; sourceTree = "<group>"; };
		49844F4014392D3E00069A7A /* Entity2.jcmap */ = {isa = PBXFileReference; explicitFileType = text.plist.xml; fileEncoding = 4; path = Entity2.jcmap; sourceTree = "<group>"; };
		49A16B5212C942C6009809B6 /* CoreData+JSON.m */ = {isa = PBXFileReference; fileEncoding = 4; lastKnownFileType = sourcecode.c.objc; name = "CoreData+JSON.m"; path = "CoreData+JSON/_Private/CoreData+JSON.m"; sourceTree = "<group>"; };
		49A16B9A12C95C2F009809B6 /* TestSuperEntity.jcmap */ = {isa = PBXFileReference; fileEncoding = 4; lastKnownFileType = text.xml; name = TestSuperEntity.jcmap; path = LogicTests/_JCMappingModelTestObjects/TestSuperEntity.jcmap; sourceTree = "<group>"; };
		49A16B9C12C95CDF009809B6 /* TestSubEntity.jcmap */ = {isa = PBXFileReference; fileEncoding = 4; lastKnownFileType = text.xml; name = TestSubEntity.jcmap; path = LogicTests/_JCMappingModelTestObjects/TestSubEntity.jcmap; sourceTree = "<group>"; };
		AA747D9E0F9514B9006C5449 /* CoreData_JSON_Prefix.pch */ = {isa = PBXFileReference; fileEncoding = 4; lastKnownFileType = sourcecode.c.h; path = CoreData_JSON_Prefix.pch; sourceTree = SOURCE_ROOT; };
		AACBBE490F95108600F1A2B1 /* Foundation.framework */ = {isa = PBXFileReference; lastKnownFileType = wrapper.framework; name = Foundation.framework; path = System/Library/Frameworks/Foundation.framework; sourceTree = SDKROOT; };
		D2AAC07E0554694100DB518D /* libCoreData_JSON.a */ = {isa = PBXFileReference; explicitFileType = archive.ar; includeInIndex = 0; path = libCoreData_JSON.a; sourceTree = BUILT_PRODUCTS_DIR; };
/* End PBXFileReference section */

/* Begin PBXFrameworksBuildPhase section */
		4914445B12BD3B9F00D29E43 /* Frameworks */ = {
			isa = PBXFrameworksBuildPhase;
			buildActionMask = 2147483647;
			files = (
				491444DB12BD555F00D29E43 /* CoreData.framework in Frameworks */,
				4914461E12BD683200D29E43 /* libCoreData_JSON.a in Frameworks */,
			);
			runOnlyForDeploymentPostprocessing = 0;
		};
		49844F18143919F800069A7A /* Frameworks */ = {
			isa = PBXFrameworksBuildPhase;
			buildActionMask = 2147483647;
			files = (
				49844F3D14392D0200069A7A /* libCoreData_JSON.a in Frameworks */,
				49844F1E143919F800069A7A /* UIKit.framework in Frameworks */,
				49844F1F143919F800069A7A /* Foundation.framework in Frameworks */,
				49844F21143919F800069A7A /* CoreGraphics.framework in Frameworks */,
				49844F22143919F800069A7A /* CoreData.framework in Frameworks */,
			);
			runOnlyForDeploymentPostprocessing = 0;
		};
		D2AAC07C0554694100DB518D /* Frameworks */ = {
			isa = PBXFrameworksBuildPhase;
			buildActionMask = 2147483647;
			files = (
				AACBBE4A0F95108600F1A2B1 /* Foundation.framework in Frameworks */,
				4914447312BD3C2700D29E43 /* CoreData.framework in Frameworks */,
			);
			runOnlyForDeploymentPostprocessing = 0;
		};
/* End PBXFrameworksBuildPhase section */

/* Begin PBXGroup section */
		034768DFFF38A50411DB9C8B /* Products */ = {
			isa = PBXGroup;
			children = (
				D2AAC07E0554694100DB518D /* libCoreData_JSON.a */,
				4914445E12BD3B9F00D29E43 /* UnitTests.octest */,
				49844F1B143919F800069A7A /* CoreData+JSON_PerformanceTests.app */,
			);
			name = Products;
			sourceTree = "<group>";
		};
		0867D691FE84028FC02AAC07 /* CoreData+JSON */ = {
			isa = PBXGroup;
			children = (
				49844F011438E34400069A7A /* JSONKit */,
				08FB77AEFE84172EC02AAC07 /* CoreData+JSON */,
				4914446B12BD3BD200D29E43 /* LogicTests */,
				49844F23143919F800069A7A /* CoreData+JSON_PerformanceTests */,
				32C88DFF0371C24200C91783 /* Other Sources */,
				0867D69AFE84028FC02AAC07 /* Frameworks */,
				034768DFFF38A50411DB9C8B /* Products */,
				49450F4012BFC39A00F0CE0F /* UnitTests-Info.plist */,
			);
			name = "CoreData+JSON";
			sourceTree = "<group>";
		};
		0867D69AFE84028FC02AAC07 /* Frameworks */ = {
			isa = PBXGroup;
			children = (
				4914446F12BD3C1300D29E43 /* CoreData.framework */,
				AACBBE490F95108600F1A2B1 /* Foundation.framework */,
				49844F1D143919F800069A7A /* UIKit.framework */,
				49844F20143919F800069A7A /* CoreGraphics.framework */,
			);
			name = Frameworks;
			sourceTree = "<group>";
		};
		08FB77AEFE84172EC02AAC07 /* CoreData+JSON */ = {
			isa = PBXGroup;
			children = (
				4914489E12BE43DC00D29E43 /* CoreData+JSON.h */,
				4914485C12BE3B0B00D29E43 /* Convenience */,
				4914494812BE660D00D29E43 /* Private */,
				491447A512BE1DC200D29E43 /* NSManagedObjectContext+JSON.h */,
				491447A612BE1DC200D29E43 /* NSManagedObject+JSON.m */,
				4914449C12BD3E3E00D29E43 /* NSManagedObject+JSON.h */,
				4914449D12BD3E3E00D29E43 /* NSManagedObject+JSON.m */,
			);
			path = "CoreData+JSON";
			sourceTree = "<group>";
		};
		32C88DFF0371C24200C91783 /* Other Sources */ = {
			isa = PBXGroup;
			children = (
				AA747D9E0F9514B9006C5449 /* CoreData_JSON_Prefix.pch */,
			);
			name = "Other Sources";
			sourceTree = "<group>";
		};
		4914446B12BD3BD200D29E43 /* LogicTests */ = {
			isa = PBXGroup;
			children = (
				4914457E12BD60A600D29E43 /* Test Objects */,
				49450D5112BE811B00F0CE0F /* TestConvenienceCategories.h */,
				49450D5212BE811B00F0CE0F /* TestConvenienceCategories.m */,
				491444CC12BD546500D29E43 /* JCMappingModelTests.h */,
				491444CD12BD546500D29E43 /* JCMappingModelTests.m */,
				4914478A12BE19FE00D29E43 /* JCMappingModelCacheTests.h */,
				4914478B12BE19FE00D29E43 /* JCMappingModelCacheTests.m */,
				4914495D12BE693E00D29E43 /* NSManagedObjectContext+JSON_Tests.h */,
				4914495E12BE693E00D29E43 /* NSManagedObjectContext+JSON_Tests.m */,
				4914491512BE613C00D29E43 /* NSManagedObject+JSON_Tests.h */,
				4914491612BE613C00D29E43 /* NSManagedObject+JSON_Tests.m */,
			);
			path = LogicTests;
			sourceTree = "<group>";
		};
		4914457E12BD60A600D29E43 /* Test Objects */ = {
			isa = PBXGroup;
			children = (
				4914492212BE61F000D29E43 /* JCMappingModel Test Objects */,
				4914492512BE622100D29E43 /* Other Test Objects */,
			);
			name = "Test Objects";
			sourceTree = "<group>";
		};
		4914485C12BE3B0B00D29E43 /* Convenience */ = {
			isa = PBXGroup;
			children = (
				4914485D12BE3B4600D29E43 /* ConvenienceCategories.h */,
				4914476012BDA7B100D29E43 /* NSDictionary+JC.h */,
				4914476112BDA7B100D29E43 /* NSDictionary+JC.m */,
				491447BE12BE212A00D29E43 /* NSFetchRequest+JC.h */,
				491447BF12BE212A00D29E43 /* NSFetchRequest+JC.m */,
				49144A8112BE7C5100D29E43 /* NSEntityDescription+JC.h */,
				49144A8212BE7C5100D29E43 /* NSEntityDescription+JC.m */,
				49450E2A12BEEE8800F0CE0F /* NSValueTransformer+JC.h */,
				49450E2B12BEEE8800F0CE0F /* NSValueTransformer+JC.m */,
				4945B55212C39E0F0000EF85 /* NSString+JC.h */,
				4945B55312C39E0F0000EF85 /* NSString+JC.m */,
			);
			name = Convenience;
			path = "CoreData+JSON/_Convenience";
			sourceTree = "<group>";
		};
		4914492212BE61F000D29E43 /* JCMappingModel Test Objects */ = {
			isa = PBXGroup;
			children = (
				4914455112BD562900D29E43 /* FauxEntityDescription.h */,
				4914455212BD562900D29E43 /* FauxEntityDescription.m */,
				4914464112BD8AAC00D29E43 /* TestMissingUniqueField.jcmap */,
				491446A412BD8FB700D29E43 /* TestBlankUniqueField.jcmap */,
				491446B412BD910000D29E43 /* TestNilPropertiesMap.jcmap */,
				491446B612BD911800D29E43 /* TestBlankPropertiesMap.jcmap */,
				491446E812BD961E00D29E43 /* TestIncorrectUniqueField.jcmap */,
				491446BC12BD928400D29E43 /* TestValidMappingModel.jcmap */,
				49A16B9A12C95C2F009809B6 /* TestSuperEntity.jcmap */,
				49A16B9C12C95CDF009809B6 /* TestSubEntity.jcmap */,
			);
			name = "JCMappingModel Test Objects";
			path = LogicTests/_JCMappingModelTestObjects;
			sourceTree = "<group>";
		};
		4914492512BE622100D29E43 /* Other Test Objects */ = {
			isa = PBXGroup;
			children = (
				491448DF12BE5FAB00D29E43 /* NSManagedObjectContext+UnitTesting.h */,
				491448E012BE5FAB00D29E43 /* NSManagedObjectContext+UnitTesting.m */,
				491448A612BE53B900D29E43 /* TestModel.xcdatamodel */,
				4914492812BE624500D29E43 /* testEntity.jcmap */,
				4914492A12BE625600D29E43 /* testRelatedEntity.jcmap */,
				49450EEC12BF011A00F0CE0F /* testTransformedUniqueFieldEntity.jcmap */,
				4945B57E12C3C0690000EF85 /* testExpressionEntity.jcmap */,
				49450E6612BEF48D00F0CE0F /* TestToDateValueTransformer.h */,
				49450E6712BEF48D00F0CE0F /* TestToDateValueTransformer.m */,
				49450EF012BF01B000F0CE0F /* TestNumberToStringTransformer.h */,
				49450EF112BF01B000F0CE0F /* TestNumberToStringTransformer.m */,
			);
			name = "Other Test Objects";
			path = LogicTests/_OtherTestObjects;
			sourceTree = "<group>";
		};
		4914494812BE660D00D29E43 /* Private */ = {
			isa = PBXGroup;
			children = (
				49A16B5212C942C6009809B6 /* CoreData+JSON.m */,
				4914494912BE664C00D29E43 /* CoreData+JSON_Private.h */,
				491444B412BD44B700D29E43 /* JCMappingModel.h */,
				491444B512BD44B700D29E43 /* JCMappingModel.m */,
				4914476D12BE150700D29E43 /* JCMappingModelCache.h */,
				4914476E12BE150700D29E43 /* JCMappingModelCache.m */,
				49844F101438EF5300069A7A /* JCImporter.h */,
				49844F111438EF5300069A7A /* JCImporter.m */,
			);
			name = Private;
			path = "CoreData+JSON/_Private";
			sourceTree = "<group>";
		};
		49844F011438E34400069A7A /* JSONKit */ = {
			isa = PBXGroup;
			children = (
				49844F021438E34400069A7A /* JSONKit.h */,
				49844F031438E34400069A7A /* JSONKit.m */,
			);
			path = JSONKit;
			sourceTree = "<group>";
		};
		49844F23143919F800069A7A /* CoreData+JSON_PerformanceTests */ = {
			isa = PBXGroup;
			children = (
				49844F2C143919F800069A7A /* CoreData_JSON_PerformanceTestsAppDelegate.h */,
				49844F2D143919F800069A7A /* CoreData_JSON_PerformanceTestsAppDelegate.m */,
				49844F2F143919F800069A7A /* MainWindow.xib */,
				49844F3B14391E2D00069A7A /* data.json */,
				49844F32143919F800069A7A /* CoreData_JSON_PerformanceTests.xcdatamodeld */,
				49844F24143919F800069A7A /* Supporting Files */,
				49844F3E14392D3600069A7A /* Entity1.jcmap */,
				49844F4014392D3E00069A7A /* Entity2.jcmap */,
			);
			path = "CoreData+JSON_PerformanceTests";
			sourceTree = "<group>";
		};
		49844F24143919F800069A7A /* Supporting Files */ = {
			isa = PBXGroup;
			children = (
				49844F25143919F800069A7A /* CoreData+JSON_PerformanceTests-Info.plist */,
				49844F26143919F800069A7A /* InfoPlist.strings */,
				49844F29143919F800069A7A /* main.m */,
				49844F2B143919F800069A7A /* CoreData+JSON_PerformanceTests-Prefix.pch */,
			);
			name = "Supporting Files";
			sourceTree = "<group>";
		};
/* End PBXGroup section */

/* Begin PBXHeadersBuildPhase section */
		D2AAC07A0554694100DB518D /* Headers */ = {
			isa = PBXHeadersBuildPhase;
			buildActionMask = 2147483647;
			files = (
				AA747D9F0F9514B9006C5449 /* CoreData_JSON_Prefix.pch in Headers */,
				4914449E12BD3E3E00D29E43 /* NSManagedObject+JSON.h in Headers */,
				491444B612BD44B700D29E43 /* JCMappingModel.h in Headers */,
				4914476F12BE150700D29E43 /* JCMappingModelCache.h in Headers */,
				4914477512BE153300D29E43 /* NSDictionary+JC.h in Headers */,
				491447A712BE1DC200D29E43 /* NSManagedObjectContext+JSON.h in Headers */,
				491447C012BE212A00D29E43 /* NSFetchRequest+JC.h in Headers */,
				4914485E12BE3B4600D29E43 /* ConvenienceCategories.h in Headers */,
				4914489F12BE43DC00D29E43 /* CoreData+JSON.h in Headers */,
				4914494A12BE664C00D29E43 /* CoreData+JSON_Private.h in Headers */,
				49144A8312BE7C5100D29E43 /* NSEntityDescription+JC.h in Headers */,
				49450E2C12BEEE8800F0CE0F /* NSValueTransformer+JC.h in Headers */,
				49450E6812BEF48D00F0CE0F /* TestToDateValueTransformer.h in Headers */,
				4945B55412C39E0F0000EF85 /* NSString+JC.h in Headers */,
				49844F041438E34400069A7A /* JSONKit.h in Headers */,
				49844F121438EF5300069A7A /* JCImporter.h in Headers */,
			);
			runOnlyForDeploymentPostprocessing = 0;
		};
/* End PBXHeadersBuildPhase section */

/* Begin PBXNativeTarget section */
		4914445D12BD3B9F00D29E43 /* UnitTests */ = {
			isa = PBXNativeTarget;
			buildConfigurationList = 4914446212BD3BA000D29E43 /* Build configuration list for PBXNativeTarget "UnitTests" */;
			buildPhases = (
				4914445912BD3B9F00D29E43 /* Resources */,
				4914445A12BD3B9F00D29E43 /* Sources */,
				4914445B12BD3B9F00D29E43 /* Frameworks */,
				4914445C12BD3B9F00D29E43 /* ShellScript */,
			);
			buildRules = (
			);
			dependencies = (
				4914446412BD3BBB00D29E43 /* PBXTargetDependency */,
			);
			name = UnitTests;
			productName = UnitTests;
			productReference = 4914445E12BD3B9F00D29E43 /* UnitTests.octest */;
			productType = "com.apple.product-type.bundle";
		};
		49844F1A143919F800069A7A /* CoreData+JSON_PerformanceTests */ = {
			isa = PBXNativeTarget;
			buildConfigurationList = 49844F37143919F800069A7A /* Build configuration list for PBXNativeTarget "CoreData+JSON_PerformanceTests" */;
			buildPhases = (
				49844F17143919F800069A7A /* Sources */,
				49844F18143919F800069A7A /* Frameworks */,
				49844F19143919F800069A7A /* Resources */,
			);
			buildRules = (
			);
			dependencies = (
				49844F3914391ACB00069A7A /* PBXTargetDependency */,
			);
			name = "CoreData+JSON_PerformanceTests";
			productName = "CoreData+JSON_PerformanceTests";
			productReference = 49844F1B143919F800069A7A /* CoreData+JSON_PerformanceTests.app */;
			productType = "com.apple.product-type.application";
		};
		D2AAC07D0554694100DB518D /* CoreData+JSON */ = {
			isa = PBXNativeTarget;
			buildConfigurationList = 1DEB921E08733DC00010E9CD /* Build configuration list for PBXNativeTarget "CoreData+JSON" */;
			buildPhases = (
				491445D812BD654400D29E43 /* Resources */,
				D2AAC07A0554694100DB518D /* Headers */,
				D2AAC07B0554694100DB518D /* Sources */,
				D2AAC07C0554694100DB518D /* Frameworks */,
			);
			buildRules = (
			);
			dependencies = (
			);
			name = "CoreData+JSON";
			productName = "CoreData+JSON";
			productReference = D2AAC07E0554694100DB518D /* libCoreData_JSON.a */;
			productType = "com.apple.product-type.library.static";
		};
/* End PBXNativeTarget section */

/* Begin PBXProject section */
		0867D690FE84028FC02AAC07 /* Project object */ = {
			isa = PBXProject;
			attributes = {
				LastUpgradeCheck = 0410;
			};
			buildConfigurationList = 1DEB922208733DC00010E9CD /* Build configuration list for PBXProject "CoreData+JSON" */;
			compatibilityVersion = "Xcode 3.2";
			developmentRegion = English;
			hasScannedForEncodings = 1;
			knownRegions = (
				English,
				Japanese,
				French,
				German,
				en,
			);
			mainGroup = 0867D691FE84028FC02AAC07 /* CoreData+JSON */;
			productRefGroup = 034768DFFF38A50411DB9C8B /* Products */;
			projectDirPath = "";
			projectRoot = "";
			targets = (
				D2AAC07D0554694100DB518D /* CoreData+JSON */,
				4914445D12BD3B9F00D29E43 /* UnitTests */,
				49844F1A143919F800069A7A /* CoreData+JSON_PerformanceTests */,
			);
		};
/* End PBXProject section */

/* Begin PBXResourcesBuildPhase section */
		4914445912BD3B9F00D29E43 /* Resources */ = {
			isa = PBXResourcesBuildPhase;
			buildActionMask = 2147483647;
			files = (
				4914464212BD8AAC00D29E43 /* TestMissingUniqueField.jcmap in Resources */,
				491446A512BD8FB700D29E43 /* TestBlankUniqueField.jcmap in Resources */,
				491446B512BD910000D29E43 /* TestNilPropertiesMap.jcmap in Resources */,
				491446B712BD911800D29E43 /* TestBlankPropertiesMap.jcmap in Resources */,
				491446BD12BD928400D29E43 /* TestValidMappingModel.jcmap in Resources */,
				491446E912BD961E00D29E43 /* TestIncorrectUniqueField.jcmap in Resources */,
				4914492912BE624500D29E43 /* testEntity.jcmap in Resources */,
				4914492B12BE625600D29E43 /* testRelatedEntity.jcmap in Resources */,
				49450EED12BF011A00F0CE0F /* testTransformedUniqueFieldEntity.jcmap in Resources */,
				4945B5BD12C3CD540000EF85 /* testExpressionEntity.jcmap in Resources */,
				49A16B9B12C95C2F009809B6 /* TestSuperEntity.jcmap in Resources */,
				49A16B9D12C95CDF009809B6 /* TestSubEntity.jcmap in Resources */,
			);
			runOnlyForDeploymentPostprocessing = 0;
		};
		491445D812BD654400D29E43 /* Resources */ = {
			isa = PBXResourcesBuildPhase;
			buildActionMask = 2147483647;
			files = (
			);
			runOnlyForDeploymentPostprocessing = 0;
		};
		49844F19143919F800069A7A /* Resources */ = {
			isa = PBXResourcesBuildPhase;
			buildActionMask = 2147483647;
			files = (
				49844F28143919F800069A7A /* InfoPlist.strings in Resources */,
				49844F31143919F800069A7A /* MainWindow.xib in Resources */,
				49844F3C14391E2D00069A7A /* data.json in Resources */,
				49844F3F14392D3600069A7A /* Entity1.jcmap in Resources */,
				49844F4114392D3E00069A7A /* Entity2.jcmap in Resources */,
			);
			runOnlyForDeploymentPostprocessing = 0;
		};
/* End PBXResourcesBuildPhase section */

/* Begin PBXShellScriptBuildPhase section */
		4914445C12BD3B9F00D29E43 /* ShellScript */ = {
			isa = PBXShellScriptBuildPhase;
			buildActionMask = 2147483647;
			files = (
			);
			inputPaths = (
			);
			outputPaths = (
			);
			runOnlyForDeploymentPostprocessing = 0;
			shellPath = /bin/sh;
			shellScript = "# Run the unit tests in this test bundle.\n\"${SYSTEM_DEVELOPER_DIR}/Tools/RunUnitTests\"\n";
		};
/* End PBXShellScriptBuildPhase section */

/* Begin PBXSourcesBuildPhase section */
		4914445A12BD3B9F00D29E43 /* Sources */ = {
			isa = PBXSourcesBuildPhase;
			buildActionMask = 2147483647;
			files = (
				491444CE12BD546500D29E43 /* JCMappingModelTests.m in Sources */,
				4914455312BD562900D29E43 /* FauxEntityDescription.m in Sources */,
				4914478C12BE19FE00D29E43 /* JCMappingModelCacheTests.m in Sources */,
				491448A712BE53B900D29E43 /* TestModel.xcdatamodel in Sources */,
				491448E112BE5FAB00D29E43 /* NSManagedObjectContext+UnitTesting.m in Sources */,
				4914491712BE613C00D29E43 /* NSManagedObject+JSON_Tests.m in Sources */,
				4914495F12BE693E00D29E43 /* NSManagedObjectContext+JSON_Tests.m in Sources */,
				49450D5312BE811B00F0CE0F /* TestConvenienceCategories.m in Sources */,
				49450EF212BF01B000F0CE0F /* TestNumberToStringTransformer.m in Sources */,
			);
			runOnlyForDeploymentPostprocessing = 0;
		};
		49844F17143919F800069A7A /* Sources */ = {
			isa = PBXSourcesBuildPhase;
			buildActionMask = 2147483647;
			files = (
				49844F2A143919F800069A7A /* main.m in Sources */,
				49844F2E143919F800069A7A /* CoreData_JSON_PerformanceTestsAppDelegate.m in Sources */,
				49844F34143919F800069A7A /* CoreData_JSON_PerformanceTests.xcdatamodeld in Sources */,
			);
			runOnlyForDeploymentPostprocessing = 0;
		};
		D2AAC07B0554694100DB518D /* Sources */ = {
			isa = PBXSourcesBuildPhase;
			buildActionMask = 2147483647;
			files = (
				4914449F12BD3E3E00D29E43 /* NSManagedObject+JSON.m in Sources */,
				491444B712BD44B700D29E43 /* JCMappingModel.m in Sources */,
				4914477012BE150700D29E43 /* JCMappingModelCache.m in Sources */,
				491447A812BE1DC200D29E43 /* NSManagedObject+JSON.m in Sources */,
				491447C112BE212A00D29E43 /* NSFetchRequest+JC.m in Sources */,
				49144A8412BE7C5100D29E43 /* NSEntityDescription+JC.m in Sources */,
				49450E2D12BEEE8800F0CE0F /* NSValueTransformer+JC.m in Sources */,
				49450E6912BEF48D00F0CE0F /* TestToDateValueTransformer.m in Sources */,
				4945B55512C39E0F0000EF85 /* NSString+JC.m in Sources */,
				49A16B5312C942C6009809B6 /* CoreData+JSON.m in Sources */,
				49844F051438E34400069A7A /* JSONKit.m in Sources */,
				49844F131438EF5300069A7A /* JCImporter.m in Sources */,
				49844F421439310400069A7A /* NSDictionary+JC.m in Sources */,
			);
			runOnlyForDeploymentPostprocessing = 0;
		};
/* End PBXSourcesBuildPhase section */

/* Begin PBXTargetDependency section */
		4914446412BD3BBB00D29E43 /* PBXTargetDependency */ = {
			isa = PBXTargetDependency;
			target = D2AAC07D0554694100DB518D /* CoreData+JSON */;
			targetProxy = 4914446312BD3BBB00D29E43 /* PBXContainerItemProxy */;
		};
		49844F3914391ACB00069A7A /* PBXTargetDependency */ = {
			isa = PBXTargetDependency;
			target = D2AAC07D0554694100DB518D /* CoreData+JSON */;
			targetProxy = 49844F3814391ACB00069A7A /* PBXContainerItemProxy */;
		};
/* End PBXTargetDependency section */

/* Begin PBXVariantGroup section */
		49844F26143919F800069A7A /* InfoPlist.strings */ = {
			isa = PBXVariantGroup;
			children = (
				49844F27143919F800069A7A /* en */,
			);
			name = InfoPlist.strings;
			sourceTree = "<group>";
		};
		49844F2F143919F800069A7A /* MainWindow.xib */ = {
			isa = PBXVariantGroup;
			children = (
				49844F30143919F800069A7A /* en */,
			);
			name = MainWindow.xib;
			sourceTree = "<group>";
		};
/* End PBXVariantGroup section */

/* Begin XCBuildConfiguration section */
		1DEB921F08733DC00010E9CD /* Debug */ = {
			isa = XCBuildConfiguration;
			buildSettings = {
				ALWAYS_SEARCH_USER_PATHS = NO;
				ARCHS = "$(ARCHS_STANDARD_32_BIT)";
				COPY_PHASE_STRIP = NO;
				DSTROOT = /tmp/CoreData_JSON.dst;
				GCC_DYNAMIC_NO_PIC = NO;
				GCC_MODEL_TUNING = G5;
				GCC_OPTIMIZATION_LEVEL = 0;
				GCC_PRECOMPILE_PREFIX_HEADER = YES;
				GCC_PREFIX_HEADER = CoreData_JSON_Prefix.pch;
				GCC_VERSION = com.apple.compilers.llvm.clang.1_0;
				INSTALL_PATH = /usr/local/lib;
				OTHER_LDFLAGS = "";
				PRODUCT_NAME = CoreData_JSON;
			};
			name = Debug;
		};
		1DEB922008733DC00010E9CD /* Release */ = {
			isa = XCBuildConfiguration;
			buildSettings = {
				ALWAYS_SEARCH_USER_PATHS = NO;
				ARCHS = "$(ARCHS_STANDARD_32_BIT)";
				DSTROOT = /tmp/CoreData_JSON.dst;
				GCC_MODEL_TUNING = G5;
				GCC_PRECOMPILE_PREFIX_HEADER = YES;
				GCC_PREFIX_HEADER = CoreData_JSON_Prefix.pch;
				GCC_VERSION = com.apple.compilers.llvm.clang.1_0;
				INSTALL_PATH = /usr/local/lib;
				PRODUCT_NAME = CoreData_JSON;
			};
			name = Release;
		};
		1DEB922308733DC00010E9CD /* Debug */ = {
			isa = XCBuildConfiguration;
			buildSettings = {
				ARCHS = "$(ARCHS_STANDARD_32_BIT)";
				GCC_C_LANGUAGE_STANDARD = c99;
				GCC_OPTIMIZATION_LEVEL = 0;
				GCC_WARN_ABOUT_RETURN_TYPE = YES;
				GCC_WARN_UNUSED_VARIABLE = YES;
				OTHER_LDFLAGS = "-ObjC";
				SDKROOT = iphoneos;
			};
			name = Debug;
		};
		1DEB922408733DC00010E9CD /* Release */ = {
			isa = XCBuildConfiguration;
			buildSettings = {
				ARCHS = "$(ARCHS_STANDARD_32_BIT)";
				GCC_C_LANGUAGE_STANDARD = c99;
				GCC_WARN_ABOUT_RETURN_TYPE = YES;
				GCC_WARN_UNUSED_VARIABLE = YES;
				OTHER_LDFLAGS = "-ObjC";
				SDKROOT = iphoneos;
			};
			name = Release;
		};
		4914446012BD3B9F00D29E43 /* Debug */ = {
			isa = XCBuildConfiguration;
			buildSettings = {
				ALWAYS_SEARCH_USER_PATHS = NO;
				"CODE_SIGN_IDENTITY[sdk=iphoneos*]" = "";
				COPY_PHASE_STRIP = NO;
				FRAMEWORK_SEARCH_PATHS = (
					"\"$(SDKROOT)/Developer/Library/Frameworks\"",
					"\"$(DEVELOPER_LIBRARY_DIR)/Frameworks\"",
				);
				GCC_DYNAMIC_NO_PIC = NO;
				GCC_ENABLE_OBJC_EXCEPTIONS = YES;
				GCC_OPTIMIZATION_LEVEL = 0;
				GCC_VERSION = com.apple.compilers.llvm.clang.1_0;
				INFOPLIST_FILE = "UnitTests-Info.plist";
				OTHER_LDFLAGS = (
					"-all_load",
					"-ObjC",
					"-framework",
					Foundation,
					"-framework",
					SenTestingKit,
					"-framework",
					UIKit,
				);
				PRODUCT_NAME = UnitTests;
				SDKROOT = iphoneos;
				WRAPPER_EXTENSION = octest;
			};
			name = Debug;
		};
		4914446112BD3B9F00D29E43 /* Release */ = {
			isa = XCBuildConfiguration;
			buildSettings = {
				ALWAYS_SEARCH_USER_PATHS = NO;
				"CODE_SIGN_IDENTITY[sdk=iphoneos*]" = "";
				COPY_PHASE_STRIP = YES;
				DEBUG_INFORMATION_FORMAT = "dwarf-with-dsym";
				FRAMEWORK_SEARCH_PATHS = (
					"\"$(SDKROOT)/Developer/Library/Frameworks\"",
					"\"$(DEVELOPER_LIBRARY_DIR)/Frameworks\"",
				);
				GCC_ENABLE_OBJC_EXCEPTIONS = YES;
				GCC_VERSION = com.apple.compilers.llvm.clang.1_0;
				INFOPLIST_FILE = "UnitTests-Info.plist";
				OTHER_LDFLAGS = (
					"-framework",
					Foundation,
					"-framework",
					SenTestingKit,
					"-framework",
					UIKit,
				);
				PRODUCT_NAME = UnitTests;
				SDKROOT = iphoneos;
				WRAPPER_EXTENSION = octest;
				ZERO_LINK = NO;
			};
			name = Release;
		};
		49844F35143919F800069A7A /* Debug */ = {
			isa = XCBuildConfiguration;
			buildSettings = {
				ALWAYS_SEARCH_USER_PATHS = NO;
				"CODE_SIGN_IDENTITY[sdk=iphoneos*]" = "iPhone Developer";
				COPY_PHASE_STRIP = NO;
				GCC_C_LANGUAGE_STANDARD = gnu99;
				GCC_DYNAMIC_NO_PIC = NO;
				GCC_PRECOMPILE_PREFIX_HEADER = YES;
				GCC_PREFIX_HEADER = "CoreData+JSON_PerformanceTests/CoreData+JSON_PerformanceTests-Prefix.pch";
				GCC_PREPROCESSOR_DEFINITIONS = (
					"DEBUG=1",
					"$(inherited)",
				);
				GCC_SYMBOLS_PRIVATE_EXTERN = NO;
				GCC_VERSION = com.apple.compilers.llvmgcc42;
				GCC_WARN_ABOUT_MISSING_PROTOTYPES = YES;
				INFOPLIST_FILE = "CoreData+JSON_PerformanceTests/CoreData+JSON_PerformanceTests-Info.plist";
				IPHONEOS_DEPLOYMENT_TARGET = 4.3;
				OTHER_LDFLAGS = (
					"-all_load",
					"-ObjC",
				);
				PRODUCT_NAME = "$(TARGET_NAME)";
				WRAPPER_EXTENSION = app;
			};
			name = Debug;
		};
		49844F36143919F800069A7A /* Release */ = {
			isa = XCBuildConfiguration;
			buildSettings = {
				ALWAYS_SEARCH_USER_PATHS = NO;
				"CODE_SIGN_IDENTITY[sdk=iphoneos*]" = "iPhone Developer";
				COPY_PHASE_STRIP = YES;
				GCC_C_LANGUAGE_STANDARD = gnu99;
				GCC_PRECOMPILE_PREFIX_HEADER = YES;
				GCC_PREFIX_HEADER = "CoreData+JSON_PerformanceTests/CoreData+JSON_PerformanceTests-Prefix.pch";
				GCC_VERSION = com.apple.compilers.llvmgcc42;
				GCC_WARN_ABOUT_MISSING_PROTOTYPES = YES;
				INFOPLIST_FILE = "CoreData+JSON_PerformanceTests/CoreData+JSON_PerformanceTests-Info.plist";
				IPHONEOS_DEPLOYMENT_TARGET = 4.3;
				OTHER_CFLAGS = "-DNS_BLOCK_ASSERTIONS=1";
				OTHER_LDFLAGS = (
					"-all_load",
					"-ObjC",
				);
				PRODUCT_NAME = "$(TARGET_NAME)";
				VALIDATE_PRODUCT = YES;
				WRAPPER_EXTENSION = app;
			};
			name = Release;
		};
/* End XCBuildConfiguration section */

/* Begin XCConfigurationList section */
		1DEB921E08733DC00010E9CD /* Build configuration list for PBXNativeTarget "CoreData+JSON" */ = {
			isa = XCConfigurationList;
			buildConfigurations = (
				1DEB921F08733DC00010E9CD /* Debug */,
				1DEB922008733DC00010E9CD /* Release */,
			);
			defaultConfigurationIsVisible = 0;
			defaultConfigurationName = Release;
		};
		1DEB922208733DC00010E9CD /* Build configuration list for PBXProject "CoreData+JSON" */ = {
			isa = XCConfigurationList;
			buildConfigurations = (
				1DEB922308733DC00010E9CD /* Debug */,
				1DEB922408733DC00010E9CD /* Release */,
			);
			defaultConfigurationIsVisible = 0;
			defaultConfigurationName = Release;
		};
		4914446212BD3BA000D29E43 /* Build configuration list for PBXNativeTarget "UnitTests" */ = {
			isa = XCConfigurationList;
			buildConfigurations = (
				4914446012BD3B9F00D29E43 /* Debug */,
				4914446112BD3B9F00D29E43 /* Release */,
			);
			defaultConfigurationIsVisible = 0;
			defaultConfigurationName = Release;
		};
		49844F37143919F800069A7A /* Build configuration list for PBXNativeTarget "CoreData+JSON_PerformanceTests" */ = {
			isa = XCConfigurationList;
			buildConfigurations = (
				49844F35143919F800069A7A /* Debug */,
				49844F36143919F800069A7A /* Release */,
			);
			defaultConfigurationIsVisible = 0;
		};
/* End XCConfigurationList section */

/* Begin XCVersionGroup section */
		49844F32143919F800069A7A /* CoreData_JSON_PerformanceTests.xcdatamodeld */ = {
			isa = XCVersionGroup;
			children = (
				49844F33143919F800069A7A /* CoreData_JSON_PerformanceTests.xcdatamodel */,
			);
			currentVersion = 49844F33143919F800069A7A /* CoreData_JSON_PerformanceTests.xcdatamodel */;
			path = CoreData_JSON_PerformanceTests.xcdatamodeld;
			sourceTree = "<group>";
			versionGroupType = wrapper.xcdatamodel;
		};
/* End XCVersionGroup section */
	};
	rootObject = 0867D690FE84028FC02AAC07 /* Project object */;
}
